
Microsoft Visual Studio Solution File, Format Version 10.00
# Visual Studio 2008
Project("{FAE04EC0-301F-11D3-BF4B-00C04F79EFBC}") = "利用触发器实现同时删除仓库备份和职工备份表中的数据信息", "利用触发器实现同时删除仓库备份和职工备份表中的数据信息\利用触发器实现同时删除仓库备份和职工备份表中的数据信息.csproj", "{A727BF5D-B9A0-4080-9CC7-5A9FA18D2B2A}"
EndProject
Global
	GlobalSection(SolutionConfigurationPlatforms) = preSolution
		Debug|Any CPU = Debug|Any CPU
		Release|Any CPU = Release|Any CPU
	EndGlobalSection
	GlobalSection(ProjectConfigurationPlatforms) = postSolution
		{A727BF5D-B9A0-4080-9CC7-5A9FA18D2B2A}.Debug|Any CPU.ActiveCfg = Debug|Any CPU
		{A727BF5D-B9A0-4080-9CC7-5A9FA18D2B2A}.Debug|Any CPU.Build.0 = Debug|Any CPU
		{A727BF5D-B9A0-4080-9CC7-5A9FA18D2B2A}.Release|Any CPU.ActiveCfg = Release|Any CPU
		{A727BF5D-B9A0-4080-9CC7-5A9FA18D2B2A}.Release|Any CPU.Build.0 = Release|Any CPU
	EndGlobalSection
	GlobalSection(SolutionProperties) = preSolution
		HideSolutionNode = FALSE
	EndGlobalSection
EndGlobal
