
Microsoft Visual Studio Solution File, Format Version 10.00
# Visual Studio 2008
Project("{FAE04EC0-301F-11D3-BF4B-00C04F79EFBC}") = "调用存储过程显示视图中的数据信息", "调用存储过程显示视图中的数据信息\调用存储过程显示视图中的数据信息.csproj", "{77CC3D44-3462-4CBD-9D2A-268B8920EAD8}"
EndProject
Global
	GlobalSection(SolutionConfigurationPlatforms) = preSolution
		Debug|Any CPU = Debug|Any CPU
		Release|Any CPU = Release|Any CPU
	EndGlobalSection
	GlobalSection(ProjectConfigurationPlatforms) = postSolution
		{77CC3D44-3462-4CBD-9D2A-268B8920EAD8}.Debug|Any CPU.ActiveCfg = Debug|Any CPU
		{77CC3D44-3462-4CBD-9D2A-268B8920EAD8}.Debug|Any CPU.Build.0 = Debug|Any CPU
		{77CC3D44-3462-4CBD-9D2A-268B8920EAD8}.Release|Any CPU.ActiveCfg = Release|Any CPU
		{77CC3D44-3462-4CBD-9D2A-268B8920EAD8}.Release|Any CPU.Build.0 = Release|Any CPU
	EndGlobalSection
	GlobalSection(SolutionProperties) = preSolution
		HideSolutionNode = FALSE
	EndGlobalSection
EndGlobal
