
Microsoft Visual Studio Solution File, Format Version 10.00
# Visual Studio 2008
Project("{D183A3D8-5FD8-494B-B014-37F57B35E655}") = "sendmail", "sendmail\sendmail.dtproj", "{419C04A5-2982-4568-9DB9-07A21A5F7C5B}"
EndProject
Global
	GlobalSection(SolutionConfigurationPlatforms) = preSolution
		Development|Default = Development|Default
	EndGlobalSection
	GlobalSection(ProjectConfigurationPlatforms) = postSolution
		{419C04A5-2982-4568-9DB9-07A21A5F7C5B}.Development|Default.ActiveCfg = Development
		{419C04A5-2982-4568-9DB9-07A21A5F7C5B}.Development|Default.Build.0 = Development
	EndGlobalSection
	GlobalSection(SolutionProperties) = preSolution
		HideSolutionNode = FALSE
	EndGlobalSection
EndGlobal
