
Microsoft Visual Studio Solution File, Format Version 10.00
# Visual Studio 2008
Project("{FAE04EC0-301F-11D3-BF4B-00C04F79EFBC}") = "统计职工工资信息", "统计职工工资信息\统计职工工资信息.csproj", "{6C92F833-8E2E-4C51-B50B-348DE0DAFFFC}"
EndProject
Global
	GlobalSection(SolutionConfigurationPlatforms) = preSolution
		Debug|Any CPU = Debug|Any CPU
		Release|Any CPU = Release|Any CPU
	EndGlobalSection
	GlobalSection(ProjectConfigurationPlatforms) = postSolution
		{6C92F833-8E2E-4C51-B50B-348DE0DAFFFC}.Debug|Any CPU.ActiveCfg = Debug|Any CPU
		{6C92F833-8E2E-4C51-B50B-348DE0DAFFFC}.Debug|Any CPU.Build.0 = Debug|Any CPU
		{6C92F833-8E2E-4C51-B50B-348DE0DAFFFC}.Release|Any CPU.ActiveCfg = Release|Any CPU
		{6C92F833-8E2E-4C51-B50B-348DE0DAFFFC}.Release|Any CPU.Build.0 = Release|Any CPU
	EndGlobalSection
	GlobalSection(SolutionProperties) = preSolution
		HideSolutionNode = FALSE
	EndGlobalSection
EndGlobal
