
Microsoft Visual Studio Solution File, Format Version 10.00
# Visual Studio 2008
Project("{D183A3D8-5FD8-494B-B014-37F57B35E655}") = "db_ftp", "db_ftp\db_ftp.dtproj", "{2CCC9809-B2DE-4795-BD37-3FCD48AEE49D}"
EndProject
Global
	GlobalSection(SolutionConfigurationPlatforms) = preSolution
		Development|Default = Development|Default
	EndGlobalSection
	GlobalSection(ProjectConfigurationPlatforms) = postSolution
		{2CCC9809-B2DE-4795-BD37-3FCD48AEE49D}.Development|Default.ActiveCfg = Development
		{2CCC9809-B2DE-4795-BD37-3FCD48AEE49D}.Development|Default.Build.0 = Development
	EndGlobalSection
	GlobalSection(SolutionProperties) = preSolution
		HideSolutionNode = FALSE
	EndGlobalSection
EndGlobal
